// !$*UTF8*$!
{
	archiveVersion = 1;
	classes = {
	};
	objectVersion = 77;
	objects = {

/* Begin PBXBuildFile section */
		108333BE64E44CDFBE26475C /* RuntimeProtocol.swift in Sources */ = {isa = PBXBuildFile; fileRef = 045D5C33B0510A4FE9EAD2E1 /* RuntimeProtocol.swift */; };
		12FBE45C906EBC33DF641011 /* MicrophoneCaptureService.swift in Sources */ = {isa = PBXBuildFile; fileRef = F5DC30E4BB0F4E09D1296AF0 /* MicrophoneCaptureService.swift */; };
		20D8D4AE6AE39852E15AAEB0 /* AudioPlaybackService.swift in Sources */ = {isa = PBXBuildFile; fileRef = 126A5A738B2A1C1A97582723 /* AudioPlaybackService.swift */; };
		2409396868DD30BAA7842038 /* AppModel.swift in Sources */ = {isa = PBXBuildFile; fileRef = C424EA90E96E45DBDAF97316 /* AppModel.swift */; };
		28318AF05C082FEFE9CA2B0C /* SetupView.swift in Sources */ = {isa = PBXBuildFile; fileRef = 0FCECCE678D142B8E5739B9E /* SetupView.swift */; };
		3744374066B2222EB56EFC87 /* MicrophoneRouteCoordinator.swift in Sources */ = {isa = PBXBuildFile; fileRef = A77E051E514F7DA5879DFFA6 /* MicrophoneRouteCoordinator.swift */; };
		3C58D18F7DB8FECDED6194E9 /* MacAssistantApp.swift in Sources */ = {isa = PBXBuildFile; fileRef = 6AD5C8115BE3ABE4E1E89A15 /* MacAssistantApp.swift */; };
		49D8F14F21FE6236DADB5E92 /* LoadingView.swift in Sources */ = {isa = PBXBuildFile; fileRef = 160B2D5F076DEED6393DBC25 /* LoadingView.swift */; };
		7FC1C1E8AFA73CD97AA10B20 /* WindowAccessor.swift in Sources */ = {isa = PBXBuildFile; fileRef = F7D37B1DB182A6648F0479C4 /* WindowAccessor.swift */; };
		8BD6C8247016B7E9036BF93F /* ChatView.swift in Sources */ = {isa = PBXBuildFile; fileRef = 5E1E3404B396772350A973A4 /* ChatView.swift */; };
		8EFDEB4194133445220AF158 /* AppTheme.swift in Sources */ = {isa = PBXBuildFile; fileRef = 3481885D5990F54C35169A08 /* AppTheme.swift */; };
		9F0A88DEC3B8D0B74DE4C9DD /* SettingsView.swift in Sources */ = {isa = PBXBuildFile; fileRef = 1E7FB81BABE071202FE48543 /* SettingsView.swift */; };
		A56BE4A0FA267A74050FC804 /* JSONValue.swift in Sources */ = {isa = PBXBuildFile; fileRef = 8918E743291CE94A6CBF754B /* JSONValue.swift */; };
		A9F0347498FB45CAB9044646 /* ModelState.swift in Sources */ = {isa = PBXBuildFile; fileRef = 27ACA2CE79F32A367667CA90 /* ModelState.swift */; };
		C5D313C7462FA9A00B8E37A4 /* MacAssistantTests.swift in Sources */ = {isa = PBXBuildFile; fileRef = 7D05985224FF03BA59EEB8B2 /* MacAssistantTests.swift */; };
		CBA17252246A72A20F66DE0F /* RootView.swift in Sources */ = {isa = PBXBuildFile; fileRef = 85B985E6E4D29515D5DC7F07 /* RootView.swift */; };
		D5EA65D4396B8C37A7A6AB4B /* ConversationModels.swift in Sources */ = {isa = PBXBuildFile; fileRef = 0B9E5935A1ED97CB5FB7B7E2 /* ConversationModels.swift */; };
		E4FD71E733A11D3E7C02A836 /* AgentRuntimeClient.swift in Sources */ = {isa = PBXBuildFile; fileRef = A04DE99F34D16ED9BD2547D5 /* AgentRuntimeClient.swift */; };
/* End PBXBuildFile section */

/* Begin PBXContainerItemProxy section */
		6D58132565D55CFDC15ED5BB /* PBXContainerItemProxy */ = {
			isa = PBXContainerItemProxy;
			containerPortal = B46A7E34D72D3166261B3A76 /* Project object */;
			proxyType = 1;
			remoteGlobalIDString = 0599BE88A27727A555CBF062;
			remoteInfo = MacAssistant;
		};
/* End PBXContainerItemProxy section */

/* Begin PBXFileReference section */
		045D5C33B0510A4FE9EAD2E1 /* RuntimeProtocol.swift */ = {isa = PBXFileReference; lastKnownFileType = sourcecode.swift; path = RuntimeProtocol.swift; sourceTree = "<group>"; };
		0B9E5935A1ED97CB5FB7B7E2 /* ConversationModels.swift */ = {isa = PBXFileReference; lastKnownFileType = sourcecode.swift; path = ConversationModels.swift; sourceTree = "<group>"; };
		0FCECCE678D142B8E5739B9E /* SetupView.swift */ = {isa = PBXFileReference; lastKnownFileType = sourcecode.swift; path = SetupView.swift; sourceTree = "<group>"; };
		126A5A738B2A1C1A97582723 /* AudioPlaybackService.swift */ = {isa = PBXFileReference; lastKnownFileType = sourcecode.swift; path = AudioPlaybackService.swift; sourceTree = "<group>"; };
		160B2D5F076DEED6393DBC25 /* LoadingView.swift */ = {isa = PBXFileReference; lastKnownFileType = sourcecode.swift; path = LoadingView.swift; sourceTree = "<group>"; };
		1E7FB81BABE071202FE48543 /* SettingsView.swift */ = {isa = PBXFileReference; lastKnownFileType = sourcecode.swift; path = SettingsView.swift; sourceTree = "<group>"; };
		1F3CE5CED55C0E95E280709E /* MacAssistantTests.xctest */ = {isa = PBXFileReference; explicitFileType = wrapper.cfbundle; includeInIndex = 0; path = MacAssistantTests.xctest; sourceTree = BUILT_PRODUCTS_DIR; };
		27ACA2CE79F32A367667CA90 /* ModelState.swift */ = {isa = PBXFileReference; lastKnownFileType = sourcecode.swift; path = ModelState.swift; sourceTree = "<group>"; };
		3481885D5990F54C35169A08 /* AppTheme.swift */ = {isa = PBXFileReference; lastKnownFileType = sourcecode.swift; path = AppTheme.swift; sourceTree = "<group>"; };
		5E1E3404B396772350A973A4 /* ChatView.swift */ = {isa = PBXFileReference; lastKnownFileType = sourcecode.swift; path = ChatView.swift; sourceTree = "<group>"; };
		6AD5C8115BE3ABE4E1E89A15 /* MacAssistantApp.swift */ = {isa = PBXFileReference; lastKnownFileType = sourcecode.swift; path = MacAssistantApp.swift; sourceTree = "<group>"; };
		7D05985224FF03BA59EEB8B2 /* MacAssistantTests.swift */ = {isa = PBXFileReference; lastKnownFileType = sourcecode.swift; path = MacAssistantTests.swift; sourceTree = "<group>"; };
		85B985E6E4D29515D5DC7F07 /* RootView.swift */ = {isa = PBXFileReference; lastKnownFileType = sourcecode.swift; path = RootView.swift; sourceTree = "<group>"; };
		8918E743291CE94A6CBF754B /* JSONValue.swift */ = {isa = PBXFileReference; lastKnownFileType = sourcecode.swift; path = JSONValue.swift; sourceTree = "<group>"; };
		A04DE99F34D16ED9BD2547D5 /* AgentRuntimeClient.swift */ = {isa = PBXFileReference; lastKnownFileType = sourcecode.swift; path = AgentRuntimeClient.swift; sourceTree = "<group>"; };
		A77E051E514F7DA5879DFFA6 /* MicrophoneRouteCoordinator.swift */ = {isa = PBXFileReference; lastKnownFileType = sourcecode.swift; path = MicrophoneRouteCoordinator.swift; sourceTree = "<group>"; };
		C424EA90E96E45DBDAF97316 /* AppModel.swift */ = {isa = PBXFileReference; lastKnownFileType = sourcecode.swift; path = AppModel.swift; sourceTree = "<group>"; };
		D7F68849AD6507645F60973D /* MacAssistant.app */ = {isa = PBXFileReference; explicitFileType = wrapper.application; includeInIndex = 0; path = MacAssistant.app; sourceTree = BUILT_PRODUCTS_DIR; };
		F5DC30E4BB0F4E09D1296AF0 /* MicrophoneCaptureService.swift */ = {isa = PBXFileReference; lastKnownFileType = sourcecode.swift; path = MicrophoneCaptureService.swift; sourceTree = "<group>"; };
		F7D37B1DB182A6648F0479C4 /* WindowAccessor.swift */ = {isa = PBXFileReference; lastKnownFileType = sourcecode.swift; path = WindowAccessor.swift; sourceTree = "<group>"; };
/* End PBXFileReference section */

/* Begin PBXGroup section */
		061FE622A4D0CC7B2BCA4A38 /* Setup */ = {
			isa = PBXGroup;
			children = (
				0FCECCE678D142B8E5739B9E /* SetupView.swift */,
			);
			path = Setup;
			sourceTree = "<group>";
		};
		0CE038A3BC757F5703B27BE2 /* Models */ = {
			isa = PBXGroup;
			children = (
				0B9E5935A1ED97CB5FB7B7E2 /* ConversationModels.swift */,
				8918E743291CE94A6CBF754B /* JSONValue.swift */,
				27ACA2CE79F32A367667CA90 /* ModelState.swift */,
			);
			path = Models;
			sourceTree = "<group>";
		};
		59F1482759575A44FFB87C02 /* Features */ = {
			isa = PBXGroup;
			children = (
				89B82A8E2320D8C5AE15165D /* Chat */,
				DAA6C74CC8472225FAA8A4E0 /* Loading */,
				A8265A6C7DB6B1EA05AD0E6C /* Settings */,
				061FE622A4D0CC7B2BCA4A38 /* Setup */,
			);
			path = Features;
			sourceTree = "<group>";
		};
		6572A444E876289A8416E499 /* MacAssistant */ = {
			isa = PBXGroup;
			children = (
				6D6EF6524ED3C25FEE8F5149 /* App */,
				59F1482759575A44FFB87C02 /* Features */,
				0CE038A3BC757F5703B27BE2 /* Models */,
				DAF785C413CF8FDAC7436BC7 /* Services */,
				F31C613CF5F094CADF5433AE /* Utilities */,
			);
			path = MacAssistant;
			sourceTree = "<group>";
		};
		6BC249A7153DD2859C9F32F9 /* MacAssistantTests */ = {
			isa = PBXGroup;
			children = (
				7D05985224FF03BA59EEB8B2 /* MacAssistantTests.swift */,
			);
			path = MacAssistantTests;
			sourceTree = "<group>";
		};
		6D6EF6524ED3C25FEE8F5149 /* App */ = {
			isa = PBXGroup;
			children = (
				6AD5C8115BE3ABE4E1E89A15 /* MacAssistantApp.swift */,
				85B985E6E4D29515D5DC7F07 /* RootView.swift */,
			);
			path = App;
			sourceTree = "<group>";
		};
		89B82A8E2320D8C5AE15165D /* Chat */ = {
			isa = PBXGroup;
			children = (
				5E1E3404B396772350A973A4 /* ChatView.swift */,
			);
			path = Chat;
			sourceTree = "<group>";
		};
		A8265A6C7DB6B1EA05AD0E6C /* Settings */ = {
			isa = PBXGroup;
			children = (
				1E7FB81BABE071202FE48543 /* SettingsView.swift */,
			);
			path = Settings;
			sourceTree = "<group>";
		};
		CB1936516F4E8939B177A4F4 /* Products */ = {
			isa = PBXGroup;
			children = (
				D7F68849AD6507645F60973D /* MacAssistant.app */,
				1F3CE5CED55C0E95E280709E /* MacAssistantTests.xctest */,
			);
			name = Products;
			sourceTree = "<group>";
		};
		DAA6C74CC8472225FAA8A4E0 /* Loading */ = {
			isa = PBXGroup;
			children = (
				160B2D5F076DEED6393DBC25 /* LoadingView.swift */,
			);
			path = Loading;
			sourceTree = "<group>";
		};
		DAF785C413CF8FDAC7436BC7 /* Services */ = {
			isa = PBXGroup;
			children = (
				A04DE99F34D16ED9BD2547D5 /* AgentRuntimeClient.swift */,
				C424EA90E96E45DBDAF97316 /* AppModel.swift */,
				126A5A738B2A1C1A97582723 /* AudioPlaybackService.swift */,
				F5DC30E4BB0F4E09D1296AF0 /* MicrophoneCaptureService.swift */,
				A77E051E514F7DA5879DFFA6 /* MicrophoneRouteCoordinator.swift */,
				045D5C33B0510A4FE9EAD2E1 /* RuntimeProtocol.swift */,
			);
			path = Services;
			sourceTree = "<group>";
		};
		EADB8F007C9B9647437AA863 = {
			isa = PBXGroup;
			children = (
				6572A444E876289A8416E499 /* MacAssistant */,
				6BC249A7153DD2859C9F32F9 /* MacAssistantTests */,
				CB1936516F4E8939B177A4F4 /* Products */,
			);
			sourceTree = "<group>";
		};
		F31C613CF5F094CADF5433AE /* Utilities */ = {
			isa = PBXGroup;
			children = (
				3481885D5990F54C35169A08 /* AppTheme.swift */,
				F7D37B1DB182A6648F0479C4 /* WindowAccessor.swift */,
			);
			path = Utilities;
			sourceTree = "<group>";
		};
/* End PBXGroup section */

/* Begin PBXNativeTarget section */
		0599BE88A27727A555CBF062 /* MacAssistant */ = {
			isa = PBXNativeTarget;
			buildConfigurationList = DEF4FEB6CCFC0C64C4EC3BDA /* Build configuration list for PBXNativeTarget "MacAssistant" */;
			buildPhases = (
				0C1C8433710761AF4C8CD2BD /* Sources */,
				DF432679F7B0177493DEEF40 /* Copy Runtime Resources */,
			);
			buildRules = (
			);
			dependencies = (
			);
			name = MacAssistant;
			packageProductDependencies = (
			);
			productName = MacAssistant;
			productReference = D7F68849AD6507645F60973D /* MacAssistant.app */;
			productType = "com.apple.product-type.application";
		};
		D4DD30C2C2DCAE53170C51C5 /* MacAssistantTests */ = {
			isa = PBXNativeTarget;
			buildConfigurationList = 9173116119B382C3377750FF /* Build configuration list for PBXNativeTarget "MacAssistantTests" */;
			buildPhases = (
				863CE34267EF63F6BC084DA3 /* Sources */,
			);
			buildRules = (
			);
			dependencies = (
				52F8696EE9BCCD7E61B30D0A /* PBXTargetDependency */,
			);
			name = MacAssistantTests;
			packageProductDependencies = (
			);
			productName = MacAssistantTests;
			productReference = 1F3CE5CED55C0E95E280709E /* MacAssistantTests.xctest */;
			productType = "com.apple.product-type.bundle.unit-test";
		};
/* End PBXNativeTarget section */

/* Begin PBXProject section */
		B46A7E34D72D3166261B3A76 /* Project object */ = {
			isa = PBXProject;
			attributes = {
				BuildIndependentTargetsInParallel = YES;
				LastUpgradeCheck = 1430;
				TargetAttributes = {
				};
			};
			buildConfigurationList = E861B67486D0D376EB452F4F /* Build configuration list for PBXProject "MacAssistant" */;
			developmentRegion = en;
			hasScannedForEncodings = 0;
			knownRegions = (
				Base,
				en,
			);
			mainGroup = EADB8F007C9B9647437AA863;
			minimizedProjectReferenceProxies = 1;
			preferredProjectObjectVersion = 77;
			productRefGroup = CB1936516F4E8939B177A4F4 /* Products */;
			projectDirPath = "";
			projectRoot = "";
			targets = (
				0599BE88A27727A555CBF062 /* MacAssistant */,
				D4DD30C2C2DCAE53170C51C5 /* MacAssistantTests */,
			);
		};
/* End PBXProject section */

/* Begin PBXShellScriptBuildPhase section */
		DF432679F7B0177493DEEF40 /* Copy Runtime Resources */ = {
			isa = PBXShellScriptBuildPhase;
			buildActionMask = 2147483647;
			files = (
			);
			inputFileListPaths = (
			);
			inputPaths = (
				"$(PROJECT_DIR)/Runtime/AgentRuntimeHost.sh",
				"$(PROJECT_DIR)/Runtime/agent_runtime_host.py",
				"$(PROJECT_DIR)/Runtime/requirements.txt",
			);
			name = "Copy Runtime Resources";
			outputFileListPaths = (
			);
			outputPaths = (
				"$(TARGET_BUILD_DIR)/$(UNLOCALIZED_RESOURCES_FOLDER_PATH)/AgentRuntimeHost.sh",
				"$(TARGET_BUILD_DIR)/$(UNLOCALIZED_RESOURCES_FOLDER_PATH)/agent_runtime_host.py",
				"$(TARGET_BUILD_DIR)/$(UNLOCALIZED_RESOURCES_FOLDER_PATH)/requirements.txt",
			);
			runOnlyForDeploymentPostprocessing = 0;
			shellPath = /bin/sh;
			shellScript = "set -euo pipefail\nmkdir -p \"$TARGET_BUILD_DIR/$UNLOCALIZED_RESOURCES_FOLDER_PATH\"\ncp \"$PROJECT_DIR/Runtime/AgentRuntimeHost.sh\" \"$TARGET_BUILD_DIR/$UNLOCALIZED_RESOURCES_FOLDER_PATH/AgentRuntimeHost.sh\"\ncp \"$PROJECT_DIR/Runtime/agent_runtime_host.py\" \"$TARGET_BUILD_DIR/$UNLOCALIZED_RESOURCES_FOLDER_PATH/agent_runtime_host.py\"\ncp \"$PROJECT_DIR/Runtime/requirements.txt\" \"$TARGET_BUILD_DIR/$UNLOCALIZED_RESOURCES_FOLDER_PATH/requirements.txt\"\n";
		};
/* End PBXShellScriptBuildPhase section */

/* Begin PBXSourcesBuildPhase section */
		0C1C8433710761AF4C8CD2BD /* Sources */ = {
			isa = PBXSourcesBuildPhase;
			buildActionMask = 2147483647;
			files = (
				E4FD71E733A11D3E7C02A836 /* AgentRuntimeClient.swift in Sources */,
				2409396868DD30BAA7842038 /* AppModel.swift in Sources */,
				8EFDEB4194133445220AF158 /* AppTheme.swift in Sources */,
				20D8D4AE6AE39852E15AAEB0 /* AudioPlaybackService.swift in Sources */,
				8BD6C8247016B7E9036BF93F /* ChatView.swift in Sources */,
				D5EA65D4396B8C37A7A6AB4B /* ConversationModels.swift in Sources */,
				A56BE4A0FA267A74050FC804 /* JSONValue.swift in Sources */,
				49D8F14F21FE6236DADB5E92 /* LoadingView.swift in Sources */,
				3C58D18F7DB8FECDED6194E9 /* MacAssistantApp.swift in Sources */,
				12FBE45C906EBC33DF641011 /* MicrophoneCaptureService.swift in Sources */,
				3744374066B2222EB56EFC87 /* MicrophoneRouteCoordinator.swift in Sources */,
				A9F0347498FB45CAB9044646 /* ModelState.swift in Sources */,
				CBA17252246A72A20F66DE0F /* RootView.swift in Sources */,
				108333BE64E44CDFBE26475C /* RuntimeProtocol.swift in Sources */,
				9F0A88DEC3B8D0B74DE4C9DD /* SettingsView.swift in Sources */,
				28318AF05C082FEFE9CA2B0C /* SetupView.swift in Sources */,
				7FC1C1E8AFA73CD97AA10B20 /* WindowAccessor.swift in Sources */,
			);
			runOnlyForDeploymentPostprocessing = 0;
		};
		863CE34267EF63F6BC084DA3 /* Sources */ = {
			isa = PBXSourcesBuildPhase;
			buildActionMask = 2147483647;
			files = (
				C5D313C7462FA9A00B8E37A4 /* MacAssistantTests.swift in Sources */,
			);
			runOnlyForDeploymentPostprocessing = 0;
		};
/* End PBXSourcesBuildPhase section */

/* Begin PBXTargetDependency section */
		52F8696EE9BCCD7E61B30D0A /* PBXTargetDependency */ = {
			isa = PBXTargetDependency;
			target = 0599BE88A27727A555CBF062 /* MacAssistant */;
			targetProxy = 6D58132565D55CFDC15ED5BB /* PBXContainerItemProxy */;
		};
/* End PBXTargetDependency section */

/* Begin XCBuildConfiguration section */
		6A7F4EFAC59B1A079F3C482E /* Release */ = {
			isa = XCBuildConfiguration;
			buildSettings = {
				ALWAYS_SEARCH_USER_PATHS = NO;
				CLANG_ANALYZER_NONNULL = YES;
				CLANG_ANALYZER_NUMBER_OBJECT_CONVERSION = YES_AGGRESSIVE;
				CLANG_CXX_LANGUAGE_STANDARD = "gnu++14";
				CLANG_CXX_LIBRARY = "libc++";
				CLANG_ENABLE_MODULES = YES;
				CLANG_ENABLE_OBJC_ARC = YES;
				CLANG_ENABLE_OBJC_WEAK = YES;
				CLANG_WARN_BLOCK_CAPTURE_AUTORELEASING = YES;
				CLANG_WARN_BOOL_CONVERSION = YES;
				CLANG_WARN_COMMA = YES;
				CLANG_WARN_CONSTANT_CONVERSION = YES;
				CLANG_WARN_DEPRECATED_OBJC_IMPLEMENTATIONS = YES;
				CLANG_WARN_DIRECT_OBJC_ISA_USAGE = YES_ERROR;
				CLANG_WARN_DOCUMENTATION_COMMENTS = YES;
				CLANG_WARN_EMPTY_BODY = YES;
				CLANG_WARN_ENUM_CONVERSION = YES;
				CLANG_WARN_INFINITE_RECURSION = YES;
				CLANG_WARN_INT_CONVERSION = YES;
				CLANG_WARN_NON_LITERAL_NULL_CONVERSION = YES;
				CLANG_WARN_OBJC_IMPLICIT_RETAIN_SELF = YES;
				CLANG_WARN_OBJC_LITERAL_CONVERSION = YES;
				CLANG_WARN_OBJC_ROOT_CLASS = YES_ERROR;
				CLANG_WARN_QUOTED_INCLUDE_IN_FRAMEWORK_HEADER = YES;
				CLANG_WARN_RANGE_LOOP_ANALYSIS = YES;
				CLANG_WARN_STRICT_PROTOTYPES = YES;
				CLANG_WARN_SUSPICIOUS_MOVE = YES;
				CLANG_WARN_UNGUARDED_AVAILABILITY = YES_AGGRESSIVE;
				CLANG_WARN_UNREACHABLE_CODE = YES;
				CLANG_WARN__DUPLICATE_METHOD_MATCH = YES;
				COPY_PHASE_STRIP = NO;
				CURRENT_PROJECT_VERSION = 1;
				DEBUG_INFORMATION_FORMAT = "dwarf-with-dsym";
				ENABLE_NS_ASSERTIONS = NO;
				ENABLE_STRICT_OBJC_MSGSEND = YES;
				GCC_C_LANGUAGE_STANDARD = gnu11;
				GCC_NO_COMMON_BLOCKS = YES;
				GCC_WARN_64_TO_32_BIT_CONVERSION = YES;
				GCC_WARN_ABOUT_RETURN_TYPE = YES_ERROR;
				GCC_WARN_UNDECLARED_SELECTOR = YES;
				GCC_WARN_UNINITIALIZED_AUTOS = YES_AGGRESSIVE;
				GCC_WARN_UNUSED_FUNCTION = YES;
				GCC_WARN_UNUSED_VARIABLE = YES;
				MACOSX_DEPLOYMENT_TARGET = 26.0;
				MARKETING_VERSION = 0.1.0;
				MTL_ENABLE_DEBUG_INFO = NO;
				MTL_FAST_MATH = YES;
				PRODUCT_NAME = "$(TARGET_NAME)";
				SDKROOT = macosx;
				SWIFT_COMPILATION_MODE = wholemodule;
				SWIFT_OPTIMIZATION_LEVEL = "-O";
				SWIFT_VERSION = 6.0;
			};
			name = Release;
		};
		763C88E8DE36AF9149468C18 /* Debug */ = {
			isa = XCBuildConfiguration;
			buildSettings = {
				BUNDLE_LOADER = "$(TEST_HOST)";
				COMBINE_HIDPI_IMAGES = YES;
				GENERATE_INFOPLIST_FILE = YES;
				INFOPLIST_KEY_CFBundleShortVersionString = "$(MARKETING_VERSION)";
				INFOPLIST_KEY_CFBundleVersion = "$(CURRENT_PROJECT_VERSION)";
				LD_RUNPATH_SEARCH_PATHS = (
					"$(inherited)",
					"@executable_path/../Frameworks",
					"@loader_path/../Frameworks",
				);
				MACOSX_DEPLOYMENT_TARGET = 26.0;
				PRODUCT_BUNDLE_IDENTIFIER = com.mkieffer.MacAssistantTests;
				SDKROOT = macosx;
				TEST_HOST = "$(BUILT_PRODUCTS_DIR)/MacAssistant.app/Contents/MacOS/MacAssistant";
			};
			name = Debug;
		};
		8A8063282243099EB595EB6B /* Debug */ = {
			isa = XCBuildConfiguration;
			buildSettings = {
				ASSETCATALOG_COMPILER_APPICON_NAME = AppIcon;
				COMBINE_HIDPI_IMAGES = YES;
				ENABLE_APP_SANDBOX = NO;
				GENERATE_INFOPLIST_FILE = YES;
				INFOPLIST_KEY_CFBundleDisplayName = MacAssistant;
				INFOPLIST_KEY_CFBundleShortVersionString = "$(MARKETING_VERSION)";
				INFOPLIST_KEY_CFBundleVersion = "$(CURRENT_PROJECT_VERSION)";
				INFOPLIST_KEY_LSApplicationCategoryType = "public.app-category.productivity";
				INFOPLIST_KEY_NSAppleEventsUsageDescription = "MacAssistant uses Apple Events to automate apps on your Mac through approved tool calls.";
				INFOPLIST_KEY_NSMicrophoneUsageDescription = "MacAssistant uses the microphone to capture voice requests.";
				LD_RUNPATH_SEARCH_PATHS = (
					"$(inherited)",
					"@executable_path/../Frameworks",
				);
				MACOSX_DEPLOYMENT_TARGET = 26.0;
				PRODUCT_BUNDLE_IDENTIFIER = com.mkieffer.MacAssistant;
				PRODUCT_NAME = MacAssistant;
				SDKROOT = macosx;
			};
			name = Debug;
		};
		A514C968BF9E81C13A25499C /* Release */ = {
			isa = XCBuildConfiguration;
			buildSettings = {
				BUNDLE_LOADER = "$(TEST_HOST)";
				COMBINE_HIDPI_IMAGES = YES;
				GENERATE_INFOPLIST_FILE = YES;
				INFOPLIST_KEY_CFBundleShortVersionString = "$(MARKETING_VERSION)";
				INFOPLIST_KEY_CFBundleVersion = "$(CURRENT_PROJECT_VERSION)";
				LD_RUNPATH_SEARCH_PATHS = (
					"$(inherited)",
					"@executable_path/../Frameworks",
					"@loader_path/../Frameworks",
				);
				MACOSX_DEPLOYMENT_TARGET = 26.0;
				PRODUCT_BUNDLE_IDENTIFIER = com.mkieffer.MacAssistantTests;
				SDKROOT = macosx;
				TEST_HOST = "$(BUILT_PRODUCTS_DIR)/MacAssistant.app/Contents/MacOS/MacAssistant";
			};
			name = Release;
		};
		EF89A7D26E4795540A4220A2 /* Release */ = {
			isa = XCBuildConfiguration;
			buildSettings = {
				ASSETCATALOG_COMPILER_APPICON_NAME = AppIcon;
				CODE_SIGN_INJECT_BASE_ENTITLEMENTS = NO;
				COMBINE_HIDPI_IMAGES = YES;
				ENABLE_APP_SANDBOX = NO;
				ENABLE_HARDENED_RUNTIME = YES;
				GENERATE_INFOPLIST_FILE = YES;
				INFOPLIST_KEY_CFBundleDisplayName = MacAssistant;
				INFOPLIST_KEY_CFBundleShortVersionString = "$(MARKETING_VERSION)";
				INFOPLIST_KEY_CFBundleVersion = "$(CURRENT_PROJECT_VERSION)";
				INFOPLIST_KEY_LSApplicationCategoryType = "public.app-category.productivity";
				INFOPLIST_KEY_NSAppleEventsUsageDescription = "MacAssistant uses Apple Events to automate apps on your Mac through approved tool calls.";
				INFOPLIST_KEY_NSMicrophoneUsageDescription = "MacAssistant uses the microphone to capture voice requests.";
				LD_RUNPATH_SEARCH_PATHS = (
					"$(inherited)",
					"@executable_path/../Frameworks",
				);
				MACOSX_DEPLOYMENT_TARGET = 26.0;
				PRODUCT_BUNDLE_IDENTIFIER = com.mkieffer.MacAssistant;
				PRODUCT_NAME = MacAssistant;
				SDKROOT = macosx;
			};
			name = Release;
		};
		FFB32911FB10DB988E8C0E3A /* Debug */ = {
			isa = XCBuildConfiguration;
			buildSettings = {
				ALWAYS_SEARCH_USER_PATHS = NO;
				CLANG_ANALYZER_NONNULL = YES;
				CLANG_ANALYZER_NUMBER_OBJECT_CONVERSION = YES_AGGRESSIVE;
				CLANG_CXX_LANGUAGE_STANDARD = "gnu++14";
				CLANG_CXX_LIBRARY = "libc++";
				CLANG_ENABLE_MODULES = YES;
				CLANG_ENABLE_OBJC_ARC = YES;
				CLANG_ENABLE_OBJC_WEAK = YES;
				CLANG_WARN_BLOCK_CAPTURE_AUTORELEASING = YES;
				CLANG_WARN_BOOL_CONVERSION = YES;
				CLANG_WARN_COMMA = YES;
				CLANG_WARN_CONSTANT_CONVERSION = YES;
				CLANG_WARN_DEPRECATED_OBJC_IMPLEMENTATIONS = YES;
				CLANG_WARN_DIRECT_OBJC_ISA_USAGE = YES_ERROR;
				CLANG_WARN_DOCUMENTATION_COMMENTS = YES;
				CLANG_WARN_EMPTY_BODY = YES;
				CLANG_WARN_ENUM_CONVERSION = YES;
				CLANG_WARN_INFINITE_RECURSION = YES;
				CLANG_WARN_INT_CONVERSION = YES;
				CLANG_WARN_NON_LITERAL_NULL_CONVERSION = YES;
				CLANG_WARN_OBJC_IMPLICIT_RETAIN_SELF = YES;
				CLANG_WARN_OBJC_LITERAL_CONVERSION = YES;
				CLANG_WARN_OBJC_ROOT_CLASS = YES_ERROR;
				CLANG_WARN_QUOTED_INCLUDE_IN_FRAMEWORK_HEADER = YES;
				CLANG_WARN_RANGE_LOOP_ANALYSIS = YES;
				CLANG_WARN_STRICT_PROTOTYPES = YES;
				CLANG_WARN_SUSPICIOUS_MOVE = YES;
				CLANG_WARN_UNGUARDED_AVAILABILITY = YES_AGGRESSIVE;
				CLANG_WARN_UNREACHABLE_CODE = YES;
				CLANG_WARN__DUPLICATE_METHOD_MATCH = YES;
				COPY_PHASE_STRIP = NO;
				CURRENT_PROJECT_VERSION = 1;
				DEBUG_INFORMATION_FORMAT = dwarf;
				ENABLE_STRICT_OBJC_MSGSEND = YES;
				ENABLE_TESTABILITY = YES;
				GCC_C_LANGUAGE_STANDARD = gnu11;
				GCC_DYNAMIC_NO_PIC = NO;
				GCC_NO_COMMON_BLOCKS = YES;
				GCC_OPTIMIZATION_LEVEL = 0;
				GCC_PREPROCESSOR_DEFINITIONS = (
					"$(inherited)",
					"DEBUG=1",
				);
				GCC_WARN_64_TO_32_BIT_CONVERSION = YES;
				GCC_WARN_ABOUT_RETURN_TYPE = YES_ERROR;
				GCC_WARN_UNDECLARED_SELECTOR = YES;
				GCC_WARN_UNINITIALIZED_AUTOS = YES_AGGRESSIVE;
				GCC_WARN_UNUSED_FUNCTION = YES;
				GCC_WARN_UNUSED_VARIABLE = YES;
				MACOSX_DEPLOYMENT_TARGET = 26.0;
				MARKETING_VERSION = 0.1.0;
				MTL_ENABLE_DEBUG_INFO = INCLUDE_SOURCE;
				MTL_FAST_MATH = YES;
				ONLY_ACTIVE_ARCH = YES;
				PRODUCT_NAME = "$(TARGET_NAME)";
				SDKROOT = macosx;
				SWIFT_ACTIVE_COMPILATION_CONDITIONS = DEBUG;
				SWIFT_OPTIMIZATION_LEVEL = "-Onone";
				SWIFT_VERSION = 6.0;
			};
			name = Debug;
		};
/* End XCBuildConfiguration section */

/* Begin XCConfigurationList section */
		9173116119B382C3377750FF /* Build configuration list for PBXNativeTarget "MacAssistantTests" */ = {
			isa = XCConfigurationList;
			buildConfigurations = (
				763C88E8DE36AF9149468C18 /* Debug */,
				A514C968BF9E81C13A25499C /* Release */,
			);
			defaultConfigurationIsVisible = 0;
			defaultConfigurationName = Debug;
		};
		DEF4FEB6CCFC0C64C4EC3BDA /* Build configuration list for PBXNativeTarget "MacAssistant" */ = {
			isa = XCConfigurationList;
			buildConfigurations = (
				8A8063282243099EB595EB6B /* Debug */,
				EF89A7D26E4795540A4220A2 /* Release */,
			);
			defaultConfigurationIsVisible = 0;
			defaultConfigurationName = Debug;
		};
		E861B67486D0D376EB452F4F /* Build configuration list for PBXProject "MacAssistant" */ = {
			isa = XCConfigurationList;
			buildConfigurations = (
				FFB32911FB10DB988E8C0E3A /* Debug */,
				6A7F4EFAC59B1A079F3C482E /* Release */,
			);
			defaultConfigurationIsVisible = 0;
			defaultConfigurationName = Debug;
		};
/* End XCConfigurationList section */
	};
	rootObject = B46A7E34D72D3166261B3A76 /* Project object */;
}
